
Microsoft Visual Studio Solution File, Format Version 12.00
# Visual Studio Version 17
VisualStudioVersion = 17.3.32922.545
MinimumVisualStudioVersion = 10.0.40219.1
Project("{FAE04EC0-301F-11D3-BF4B-00C04F79EFBC}") = "пр №0", "пр №0.csproj", "{CCA9B61B-CBA4-4EC0-A46C-60BF2639244E}"
EndProject
Global
	GlobalSection(SolutionConfigurationPlatforms) = preSolution
		Debug|Any CPU = Debug|Any CPU
		Release|Any CPU = Release|Any CPU
	EndGlobalSection
	GlobalSection(ProjectConfigurationPlatforms) = postSolution
		{CCA9B61B-CBA4-4EC0-A46C-60BF2639244E}.Debug|Any CPU.ActiveCfg = Debug|Any CPU
		{CCA9B61B-CBA4-4EC0-A46C-60BF2639244E}.Debug|Any CPU.Build.0 = Debug|Any CPU
		{CCA9B61B-CBA4-4EC0-A46C-60BF2639244E}.Release|Any CPU.ActiveCfg = Release|Any CPU
		{CCA9B61B-CBA4-4EC0-A46C-60BF2639244E}.Release|Any CPU.Build.0 = Release|Any CPU
	EndGlobalSection
	GlobalSection(SolutionProperties) = preSolution
		HideSolutionNode = FALSE
	EndGlobalSection
	GlobalSection(ExtensibilityGlobals) = postSolution
		SolutionGuid = {6EC71AA3-AC12-486E-B6A2-396A16BA43FA}
	EndGlobalSection
EndGlobal
